
Microsoft Visual Studio Solution File, Format Version 12.00
# Visual Studio 14
VisualStudioVersion = 14.0.23107.0
MinimumVisualStudioVersion = 10.0.40219.1
Project("{FAE04EC0-301F-11D3-BF4B-00C04F79EFBC}") = "OnlineStore.Models", "OnlineStore.Models\OnlineStore.Models.csproj", "{F4F31DDA-F6EC-47AE-B3AC-0CF032BCC51F}"
EndProject
Project("{FAE04EC0-301F-11D3-BF4B-00C04F79EFBC}") = "OnlineStore.Web", "OnlineStore.Web\OnlineStore.Web.csproj", "{9D03D25F-7E2B-4A56-984D-3FA7795E4821}"
EndProject
Project("{FAE04EC0-301F-11D3-BF4B-00C04F79EFBC}") = "OnlineStore.Data", "OnlineStore.Data\OnlineStore.Data.csproj", "{A7F741F4-C636-4E0D-B06D-929EB3250A43}"
EndProject
Global
	GlobalSection(SolutionConfigurationPlatforms) = preSolution
		Debug|Any CPU = Debug|Any CPU
		Release|Any CPU = Release|Any CPU
	EndGlobalSection
	GlobalSection(ProjectConfigurationPlatforms) = postSolution
		{F4F31DDA-F6EC-47AE-B3AC-0CF032BCC51F}.Debug|Any CPU.ActiveCfg = Debug|Any CPU
		{F4F31DDA-F6EC-47AE-B3AC-0CF032BCC51F}.Debug|Any CPU.Build.0 = Debug|Any CPU
		{F4F31DDA-F6EC-47AE-B3AC-0CF032BCC51F}.Release|Any CPU.ActiveCfg = Release|Any CPU
		{F4F31DDA-F6EC-47AE-B3AC-0CF032BCC51F}.Release|Any CPU.Build.0 = Release|Any CPU
		{9D03D25F-7E2B-4A56-984D-3FA7795E4821}.Debug|Any CPU.ActiveCfg = Debug|Any CPU
		{9D03D25F-7E2B-4A56-984D-3FA7795E4821}.Debug|Any CPU.Build.0 = Debug|Any CPU
		{9D03D25F-7E2B-4A56-984D-3FA7795E4821}.Release|Any CPU.ActiveCfg = Release|Any CPU
		{9D03D25F-7E2B-4A56-984D-3FA7795E4821}.Release|Any CPU.Build.0 = Release|Any CPU
		{A7F741F4-C636-4E0D-B06D-929EB3250A43}.Debug|Any CPU.ActiveCfg = Debug|Any CPU
		{A7F741F4-C636-4E0D-B06D-929EB3250A43}.Debug|Any CPU.Build.0 = Debug|Any CPU
		{A7F741F4-C636-4E0D-B06D-929EB3250A43}.Release|Any CPU.ActiveCfg = Release|Any CPU
		{A7F741F4-C636-4E0D-B06D-929EB3250A43}.Release|Any CPU.Build.0 = Release|Any CPU
	EndGlobalSection
	GlobalSection(SolutionProperties) = preSolution
		HideSolutionNode = FALSE
	EndGlobalSection
EndGlobal
